{
  "name": "figma-axi",
  "version": "0.1.0",
  "lockfileVersion": 3,
  "requires": true,
  "packages": {
    "": {
      "name": "figma-axi",
      "version": "0.1.0",
      "license": "MIT",
      "dependencies": {
        "@toon-format/toon": "^2.1.0",
        "axi-sdk-js": "^0.1.8"
      },
      "bin": {
        "figma-axi": "bin/figma-axi.js"
      },
      "engines": {
        "node": ">=20"
      }
    },
    "node_modules/@toon-format/toon": {
      "version": "2.3.0",
      "resolved": "https://registry.npmjs.org/@toon-format/toon/-/toon-2.3.0.tgz",
      "integrity": "sha512-/Ew9etdRQKVMnm9fDaCG0JjyAOK/O7T0M97oum1aW4W+UR8ZhVVPBanIV7oWgHBiGlnVxV9M55PWQCHofDV07w==",
      "license": "MIT"
    },
    "node_modules/axi-sdk-js": {
      "version": "0.1.8",
      "resolved": "https://registry.npmjs.org/axi-sdk-js/-/axi-sdk-js-0.1.8.tgz",
      "integrity": "sha512-N8Qd/9sVBpG8QRVSw0lLevdFuaBfjHHPdcbcj8DCuxr68sA1/c5KCnGEDqO7lI3kt52/bgymCZajmpTqz/rLOw==",
      "license": "MIT",
      "dependencies": {
        "@toon-format/toon": "^2.1.0"
      },
      "engines": {
        "node": ">=20"
      }
    }
  }
}
